PODS:
  - Alamofire (4.7.3)
  - CodableAlamofire (1.1.0):
    - Alamofire (~> 4.0)
  - DropDown (2.3.2)
  - DynamicBlurView (2.0.2)
  - Hero (1.2.0)
  - HexColors (6.0.0)
  - ImageSlideshow (1.6.1):
    - ImageSlideshow/Core (= 1.6.1)
  - ImageSlideshow/Core (1.6.1)
  - ImageSlideshow/Kingfisher (1.6.1):
    - ImageSlideshow/Core
    - Kingfisher (> 3.0)
  - IQKeyboardManagerSwift (5.0.8)
  - Kingfisher (4.8.0)
  - LTMorphingLabel (0.5.6)
  - NVActivityIndicatorView (4.3.0):
    - NVActivityIndicatorView/Presenter (= 4.3.0)
  - NVActivityIndicatorView/Presenter (4.3.0)
  - PopupDialog (0.7.1):
    - DynamicBlurView (~> 2.0)
  - SDWebImage (4.4.1):
    - SDWebImage/Core (= 4.4.1)
  - SDWebImage/Core (4.4.1)
  - SwiftMessages (4.1.4):
    - SwiftMessages/App (= 4.1.4)
  - SwiftMessages/App (4.1.4)
  - SwiftyBeaver (1.6.0)
  - TagListView (1.3.1)

DEPENDENCIES:
  - Alamofire
  - CodableAlamofire
  - DropDown
  - Hero
  - HexColors
  - ImageSlideshow (~> 1.5)
  - ImageSlideshow/Kingfisher
  - IQKeyboardManagerSwift (~> 5.0)
  - LTMorphingLabel
  - NVActivityIndicatorView
  - PopupDialog (~> 0.7)
  - SDWebImage (~> 4.0)
  - SwiftMessages
  - SwiftyBeaver
  - TagListView (~> 1.0)

SPEC CHECKSUMS:
  Alamofire: c7287b6e5d7da964a70935e5db17046b7fde6568
  CodableAlamofire: e2d2edcec7cf413f7862c30c8fa98eded27a83f9
  DropDown: 7f87abecc28f9b4edad810fe1211c5c018c257e5
  DynamicBlurView: aa6db4defc6e537eb86fc5e58dd3991666178399
  Hero: 33dadf2cd1c98af71e213dcbc2902e6e03622a4e
  HexColors: f8c66339541a74bb08905bfe7cd4f8cc85e9e173
  ImageSlideshow: f0f33e1a20668e83d77f5fb7729e4ae4437c0759
  IQKeyboardManagerSwift: 2e7dc7f98c111458c1ea2b373f893e8cf95e2b97
  Kingfisher: 976d828df2b24834c6a3f2fc4d82cdbd26552be1
  LTMorphingLabel: bdb51d4682e9822da89da6f567bd8aa456fd6650
  NVActivityIndicatorView: 963f62bf9f993fcf23218e55958e5b1761b9504c
  PopupDialog: 39598b7d41719f5c025b4b70e62728bae7734fef
  SDWebImage: 47e9b5b925cbce75946c23f0c42dd19464189af4
  SwiftMessages: 2c33fdee8b8f38dfc7e1036684456b505891da8c
  SwiftyBeaver: e45759613e50b522b0e6f53b1f0f14389b45ca34
  TagListView: 6dafd34a61021c6db72c0c8e3a044054c9854311

PODFILE CHECKSUM: bc284a64e13a82980ca586ac162f48ea14060b74

COCOAPODS: 1.4.0
